
Microsoft Visual Studio Solution File, Format Version 12.00
# Visual Studio Version 17
VisualStudioVersion = 17.3.32901.215
MinimumVisualStudioVersion = 10.0.40219.1
Project("{FAE04EC0-301F-11D3-BF4B-00C04F79EFBC}") = "BankAccounts", "BankAccounts.csproj", "{7E0E3F4C-2D48-4CEC-A949-FD6A0703C479}"
EndProject
Global
	GlobalSection(SolutionConfigurationPlatforms) = preSolution
		Debug|Any CPU = Debug|Any CPU
		Release|Any CPU = Release|Any CPU
	EndGlobalSection
	GlobalSection(ProjectConfigurationPlatforms) = postSolution
		{7E0E3F4C-2D48-4CEC-A949-FD6A0703C479}.Debug|Any CPU.ActiveCfg = Debug|Any CPU
		{7E0E3F4C-2D48-4CEC-A949-FD6A0703C479}.Debug|Any CPU.Build.0 = Debug|Any CPU
		{7E0E3F4C-2D48-4CEC-A949-FD6A0703C479}.Release|Any CPU.ActiveCfg = Release|Any CPU
		{7E0E3F4C-2D48-4CEC-A949-FD6A0703C479}.Release|Any CPU.Build.0 = Release|Any CPU
	EndGlobalSection
	GlobalSection(SolutionProperties) = preSolution
		HideSolutionNode = FALSE
	EndGlobalSection
	GlobalSection(ExtensibilityGlobals) = postSolution
		SolutionGuid = {00FD3F1E-70B7-4525-9B19-ECB9D88CC3DF}
	EndGlobalSection
EndGlobal
